
Microsoft Visual Studio Solution File, Format Version 12.00
# Visual Studio Version 16
VisualStudioVersion = 16.0.31129.286
MinimumVisualStudioVersion = 10.0.40219.1
Project("{FAE04EC0-301F-11D3-BF4B-00C04F79EFBC}") = "WebApp", "WebApp\WebApp.csproj", "{B2169244-235E-446B-A0CD-769972403F2F}"
EndProject
Global
	GlobalSection(SolutionConfigurationPlatforms) = preSolution
		Debug|Any CPU = Debug|Any CPU
		Release|Any CPU = Release|Any CPU
	EndGlobalSection
	GlobalSection(ProjectConfigurationPlatforms) = postSolution
		{B2169244-235E-446B-A0CD-769972403F2F}.Debug|Any CPU.ActiveCfg = Debug|Any CPU
		{B2169244-235E-446B-A0CD-769972403F2F}.Debug|Any CPU.Build.0 = Debug|Any CPU
		{B2169244-235E-446B-A0CD-769972403F2F}.Release|Any CPU.ActiveCfg = Release|Any CPU
		{B2169244-235E-446B-A0CD-769972403F2F}.Release|Any CPU.Build.0 = Release|Any CPU
	EndGlobalSection
	GlobalSection(SolutionProperties) = preSolution
		HideSolutionNode = FALSE
	EndGlobalSection
	GlobalSection(ExtensibilityGlobals) = postSolution
		SolutionGuid = {1FA029CE-DB0E-405E-B5BE-79DD174760C2}
	EndGlobalSection
EndGlobal
