
Microsoft Visual Studio Solution File, Format Version 12.00
# Visual Studio Version 16
VisualStudioVersion = 16.0.31129.286
MinimumVisualStudioVersion = 10.0.40219.1
Project("{FAE04EC0-301F-11D3-BF4B-00C04F79EFBC}") = "MVCCUDApi", "MVCCUDApi\MVCCUDApi.csproj", "{2275511B-35F6-440D-B17C-E59155ACE5CD}"
EndProject
Project("{FAE04EC0-301F-11D3-BF4B-00C04F79EFBC}") = "ConectData", "ConectData\ConectData.csproj", "{3A00B5CF-7193-4DC1-A699-5EEDA3C31CC5}"
EndProject
Global
	GlobalSection(SolutionConfigurationPlatforms) = preSolution
		Debug|Any CPU = Debug|Any CPU
		Release|Any CPU = Release|Any CPU
	EndGlobalSection
	GlobalSection(ProjectConfigurationPlatforms) = postSolution
		{2275511B-35F6-440D-B17C-E59155ACE5CD}.Debug|Any CPU.ActiveCfg = Debug|Any CPU
		{2275511B-35F6-440D-B17C-E59155ACE5CD}.Debug|Any CPU.Build.0 = Debug|Any CPU
		{2275511B-35F6-440D-B17C-E59155ACE5CD}.Release|Any CPU.ActiveCfg = Release|Any CPU
		{2275511B-35F6-440D-B17C-E59155ACE5CD}.Release|Any CPU.Build.0 = Release|Any CPU
		{3A00B5CF-7193-4DC1-A699-5EEDA3C31CC5}.Debug|Any CPU.ActiveCfg = Debug|Any CPU
		{3A00B5CF-7193-4DC1-A699-5EEDA3C31CC5}.Debug|Any CPU.Build.0 = Debug|Any CPU
		{3A00B5CF-7193-4DC1-A699-5EEDA3C31CC5}.Release|Any CPU.ActiveCfg = Release|Any CPU
		{3A00B5CF-7193-4DC1-A699-5EEDA3C31CC5}.Release|Any CPU.Build.0 = Release|Any CPU
	EndGlobalSection
	GlobalSection(SolutionProperties) = preSolution
		HideSolutionNode = FALSE
	EndGlobalSection
	GlobalSection(ExtensibilityGlobals) = postSolution
		SolutionGuid = {30E0E598-8A35-46D6-BDC2-D9C1AAA722B2}
	EndGlobalSection
EndGlobal
